{
  "name": "motion-studio",
  "lockfileVersion": 3,
  "requires": true,
  "packages": {
    "": {
      "name": "motion-studio",
      "dependencies": {
        "lucide-static": "^1.48.0",
        "opentype.js": "^2.0.0",
        "three": "^0.186.1"
      }
    },
    "node_modules/lucide-static": {
      "version": "1.48.0",
      "resolved": "https://registry.npmjs.org/lucide-static/-/lucide-static-1.48.0.tgz",
      "integrity": "sha512-ZUGgZ4rzlLfVbhN2Zi37TMrTaSpXAbWx6Y/xZxKSDLPiqxtTK7Mw2M+oBJa0gjV8p3+CWBHh48u+IC9+jKlUjA==",
      "license": "ISC"
    },
    "node_modules/opentype.js": {
      "version": "2.0.0",
      "resolved": "https://registry.npmjs.org/opentype.js/-/opentype.js-2.0.0.tgz",
      "integrity": "sha512-kCyjv6xdDY1W/jLWZ/L3QhhTlKUqDZMQ5+Jdlw12b3dXkKNpYBqqlMMj0YDQPShWFTMwgZI1hG14kN3XUDSg/A==",
      "license": "MIT",
      "bin": {
        "ot": "bin/ot"
      }
    },
    "node_modules/three": {
      "version": "0.186.1",
      "resolved": "https://registry.npmjs.org/three/-/three-0.186.1.tgz",
      "integrity": "sha512-blFeqb49wRCSGUGj7gtpfnSGHy2lwDk94RhUmS1c/hTby70kvChbWpkJ4Pm1390LqzzvTmzgXKHPEafJwCb8jA==",
      "license": "MIT"
    }
  }
}
